
Microsoft Visual Studio Solution File, Format Version 12.00
# Visual Studio Version 17
VisualStudioVersion = 17.3.32901.215
MinimumVisualStudioVersion = 10.0.40219.1
Project("{FAE04EC0-301F-11D3-BF4B-00C04F79EFBC}") = "SocialsHub", "SocialsHub\SocialsHub.csproj", "{F09093F9-99CC-425A-9CAC-D3CF058C9BB7}"
EndProject
Global
	GlobalSection(SolutionConfigurationPlatforms) = preSolution
		Debug|Any CPU = Debug|Any CPU
		Release|Any CPU = Release|Any CPU
	EndGlobalSection
	GlobalSection(ProjectConfigurationPlatforms) = postSolution
		{F09093F9-99CC-425A-9CAC-D3CF058C9BB7}.Debug|Any CPU.ActiveCfg = Debug|Any CPU
		{F09093F9-99CC-425A-9CAC-D3CF058C9BB7}.Debug|Any CPU.Build.0 = Debug|Any CPU
		{F09093F9-99CC-425A-9CAC-D3CF058C9BB7}.Release|Any CPU.ActiveCfg = Release|Any CPU
		{F09093F9-99CC-425A-9CAC-D3CF058C9BB7}.Release|Any CPU.Build.0 = Release|Any CPU
	EndGlobalSection
	GlobalSection(SolutionProperties) = preSolution
		HideSolutionNode = FALSE
	EndGlobalSection
	GlobalSection(ExtensibilityGlobals) = postSolution
		SolutionGuid = {F4B3895F-A10A-4451-BBE0-D4C309563F60}
	EndGlobalSection
EndGlobal
